
Microsoft Visual Studio Solution File, Format Version 12.00
# Visual Studio 15
VisualStudioVersion = 15.0.28307.705
MinimumVisualStudioVersion = 10.0.40219.1
Project("{FAE04EC0-301F-11D3-BF4B-00C04F79EFBC}") = "DataBindingExampleCRUD", "DataBindingExampleCRUD\DataBindingExampleCRUD.csproj", "{776238E6-2C64-4FF7-B681-762E215FA89A}"
EndProject
Global
	GlobalSection(SolutionConfigurationPlatforms) = preSolution
		Debug|Any CPU = Debug|Any CPU
		Release|Any CPU = Release|Any CPU
	EndGlobalSection
	GlobalSection(ProjectConfigurationPlatforms) = postSolution
		{776238E6-2C64-4FF7-B681-762E215FA89A}.Debug|Any CPU.ActiveCfg = Debug|Any CPU
		{776238E6-2C64-4FF7-B681-762E215FA89A}.Debug|Any CPU.Build.0 = Debug|Any CPU
		{776238E6-2C64-4FF7-B681-762E215FA89A}.Release|Any CPU.ActiveCfg = Release|Any CPU
		{776238E6-2C64-4FF7-B681-762E215FA89A}.Release|Any CPU.Build.0 = Release|Any CPU
	EndGlobalSection
	GlobalSection(SolutionProperties) = preSolution
		HideSolutionNode = FALSE
	EndGlobalSection
	GlobalSection(ExtensibilityGlobals) = postSolution
		SolutionGuid = {204FABB1-ED3A-4A28-9F39-48A14760EEBD}
	EndGlobalSection
EndGlobal
